
Microsoft Visual Studio Solution File, Format Version 12.00
# Visual Studio Version 17
VisualStudioVersion = 17.5.33516.290
MinimumVisualStudioVersion = 10.0.40219.1
Project("{FAE04EC0-301F-11D3-BF4B-00C04F79EFBC}") = "work_exercises_10", "work_exercises_10\work_exercises_10.csproj", "{37151C9B-4285-4CAF-B824-5509FDD4871D}"
EndProject
Project("{2150E333-8FDC-42A3-9474-1A3956D46DE8}") = "Solution Items", "Solution Items", "{76F524A7-EB99-4C03-93FC-13D3A971A7CE}"
	ProjectSection(SolutionItems) = preProject
		.editorconfig = .editorconfig
	EndProjectSection
EndProject
Global
	GlobalSection(SolutionConfigurationPlatforms) = preSolution
		Debug|Any CPU = Debug|Any CPU
		Release|Any CPU = Release|Any CPU
	EndGlobalSection
	GlobalSection(ProjectConfigurationPlatforms) = postSolution
		{37151C9B-4285-4CAF-B824-5509FDD4871D}.Debug|Any CPU.ActiveCfg = Debug|Any CPU
		{37151C9B-4285-4CAF-B824-5509FDD4871D}.Debug|Any CPU.Build.0 = Debug|Any CPU
		{37151C9B-4285-4CAF-B824-5509FDD4871D}.Release|Any CPU.ActiveCfg = Release|Any CPU
		{37151C9B-4285-4CAF-B824-5509FDD4871D}.Release|Any CPU.Build.0 = Release|Any CPU
	EndGlobalSection
	GlobalSection(SolutionProperties) = preSolution
		HideSolutionNode = FALSE
	EndGlobalSection
	GlobalSection(ExtensibilityGlobals) = postSolution
		SolutionGuid = {40DAF197-6957-4BC6-9716-FF4FDF42237C}
	EndGlobalSection
EndGlobal
